# This file is automatically @generated by Cargo.
# It is not intended for manual editing.
version = 3

[[package]]
name = "asciinum"
version = "0.1.0"
dependencies = [
 "constcat",
]

[[package]]
name = "constcat"
version = "0.5.0"
source = "registry+https://github.com/rust-lang/crates.io-index"
checksum = "1f2e5af989b1955b092db01462980c0a286217f86817e12b2c09aea46bd03651"
